// !$*UTF8*$!
{
	archiveVersion = 1;
	classes = {
	};
	objectVersion = 51;
	objects = {

/* Begin PBXBuildFile section */
		65A4FB4BD38200BF7B1A6B43 /* Pods_Credit_Card_Fraud_Detection.framework in Frameworks */ = {isa = PBXBuildFile; fileRef = CCFC6BC3088C5DC8DAAA4427 /* Pods_Credit_Card_Fraud_Detection.framework */; };
		D00057C925FD510D00C185A3 /* Transactions.swift in Sources */ = {isa = PBXBuildFile; fileRef = D00057C825FD510D00C185A3 /* Transactions.swift */; };
		D00057CC25FD51A300C185A3 /* BankVC.swift in Sources */ = {isa = PBXBuildFile; fileRef = D00057CB25FD51A300C185A3 /* BankVC.swift */; };
		D00057D225FD51FC00C185A3 /* RecentsCell.swift in Sources */ = {isa = PBXBuildFile; fileRef = D00057D125FD51FC00C185A3 /* RecentsCell.swift */; };
		D014499025FE1514004D9D91 /* LoginVC.swift in Sources */ = {isa = PBXBuildFile; fileRef = D014498F25FE1514004D9D91 /* LoginVC.swift */; };
		D06E682125FCCD7500B53895 /* AppDelegate.swift in Sources */ = {isa = PBXBuildFile; fileRef = D06E682025FCCD7500B53895 /* AppDelegate.swift */; };
		D06E682325FCCD7500B53895 /* SceneDelegate.swift in Sources */ = {isa = PBXBuildFile; fileRef = D06E682225FCCD7500B53895 /* SceneDelegate.swift */; };
		D06E682825FCCD7500B53895 /* Main.storyboard in Resources */ = {isa = PBXBuildFile; fileRef = D06E682625FCCD7500B53895 /* Main.storyboard */; };
		D06E682A25FCCD7800B53895 /* Assets.xcassets in Resources */ = {isa = PBXBuildFile; fileRef = D06E682925FCCD7800B53895 /* Assets.xcassets */; };
		D06E682D25FCCD7800B53895 /* LaunchScreen.storyboard in Resources */ = {isa = PBXBuildFile; fileRef = D06E682B25FCCD7800B53895 /* LaunchScreen.storyboard */; };
		D09781C025FDFC1200F8E0E2 /* Fraud Detection 1.mlmodel in Sources */ = {isa = PBXBuildFile; fileRef = D09781BF25FDFC1200F8E0E2 /* Fraud Detection 1.mlmodel */; };
/* End PBXBuildFile section */

/* Begin PBXFileReference section */
		225A9256E2E6E9614D891BC0 /* Pods-Credit Card Fraud Detection.release.xcconfig */ = {isa = PBXFileReference; includeInIndex = 1; lastKnownFileType = text.xcconfig; name = "Pods-Credit Card Fraud Detection.release.xcconfig"; path = "Target Support Files/Pods-Credit Card Fraud Detection/Pods-Credit Card Fraud Detection.release.xcconfig"; sourceTree = "<group>"; };
		9C1B7A9C6589F2B209A8E252 /* Pods-Credit Card Fraud Detection.debug.xcconfig */ = {isa = PBXFileReference; includeInIndex = 1; lastKnownFileType = text.xcconfig; name = "Pods-Credit Card Fraud Detection.debug.xcconfig"; path = "Target Support Files/Pods-Credit Card Fraud Detection/Pods-Credit Card Fraud Detection.debug.xcconfig"; sourceTree = "<group>"; };
		CCFC6BC3088C5DC8DAAA4427 /* Pods_Credit_Card_Fraud_Detection.framework */ = {isa = PBXFileReference; explicitFileType = wrapper.framework; includeInIndex = 0; path = Pods_Credit_Card_Fraud_Detection.framework; sourceTree = BUILT_PRODUCTS_DIR; };
		D00057C825FD510D00C185A3 /* Transactions.swift */ = {isa = PBXFileReference; lastKnownFileType = sourcecode.swift; path = Transactions.swift; sourceTree = "<group>"; };
		D00057CB25FD51A300C185A3 /* BankVC.swift */ = {isa = PBXFileReference; lastKnownFileType = sourcecode.swift; path = BankVC.swift; sourceTree = "<group>"; };
		D00057D125FD51FC00C185A3 /* RecentsCell.swift */ = {isa = PBXFileReference; lastKnownFileType = sourcecode.swift; path = RecentsCell.swift; sourceTree = "<group>"; };
		D014498F25FE1514004D9D91 /* LoginVC.swift */ = {isa = PBXFileReference; lastKnownFileType = sourcecode.swift; path = LoginVC.swift; sourceTree = "<group>"; };
		D06E681D25FCCD7500B53895 /* Credit Card Fraud Detection.app */ = {isa = PBXFileReference; explicitFileType = wrapper.application; includeInIndex = 0; path = "Credit Card Fraud Detection.app"; sourceTree = BUILT_PRODUCTS_DIR; };
		D06E682025FCCD7500B53895 /* AppDelegate.swift */ = {isa = PBXFileReference; lastKnownFileType = sourcecode.swift; path = AppDelegate.swift; sourceTree = "<group>"; };
		D06E682225FCCD7500B53895 /* SceneDelegate.swift */ = {isa = PBXFileReference; lastKnownFileType = sourcecode.swift; path = SceneDelegate.swift; sourceTree = "<group>"; };
		D06E682725FCCD7500B53895 /* Base */ = {isa = PBXFileReference; lastKnownFileType = file.storyboard; name = Base; path = Base.lproj/Main.storyboard; sourceTree = "<group>"; };
		D06E682925FCCD7800B53895 /* Assets.xcassets */ = {isa = PBXFileReference; lastKnownFileType = folder.assetcatalog; path = Assets.xcassets; sourceTree = "<group>"; };
		D06E682C25FCCD7800B53895 /* Base */ = {isa = PBXFileReference; lastKnownFileType = file.storyboard; name = Base; path = Base.lproj/LaunchScreen.storyboard; sourceTree = "<group>"; };
		D06E682E25FCCD7800B53895 /* Info.plist */ = {isa = PBXFileReference; lastKnownFileType = text.plist.xml; path = Info.plist; sourceTree = "<group>"; };
		D09781BF25FDFC1200F8E0E2 /* Fraud Detection 1.mlmodel */ = {isa = PBXFileReference; lastKnownFileType = file.mlmodel; name = "Fraud Detection 1.mlmodel"; path = "ML/Fraud Detection 1.mlmodel"; sourceTree = SOURCE_ROOT; };
/* End PBXFileReference section */

/* Begin PBXFrameworksBuildPhase section */
		D06E681A25FCCD7500B53895 /* Frameworks */ = {
			isa = PBXFrameworksBuildPhase;
			buildActionMask = 2147483647;
			files = (
				65A4FB4BD38200BF7B1A6B43 /* Pods_Credit_Card_Fraud_Detection.framework in Frameworks */,
			);
			runOnlyForDeploymentPostprocessing = 0;
		};
/* End PBXFrameworksBuildPhase section */

/* Begin PBXGroup section */
		033A128D55264948FC74E10F /* Pods */ = {
			isa = PBXGroup;
			children = (
				9C1B7A9C6589F2B209A8E252 /* Pods-Credit Card Fraud Detection.debug.xcconfig */,
				225A9256E2E6E9614D891BC0 /* Pods-Credit Card Fraud Detection.release.xcconfig */,
			);
			path = Pods;
			sourceTree = "<group>";
		};
		16B28BBDFEB8AD1007DC23C3 /* Frameworks */ = {
			isa = PBXGroup;
			children = (
				CCFC6BC3088C5DC8DAAA4427 /* Pods_Credit_Card_Fraud_Detection.framework */,
			);
			name = Frameworks;
			sourceTree = "<group>";
		};
		D00057C225FD452100C185A3 /* Controller */ = {
			isa = PBXGroup;
			children = (
				D06E682225FCCD7500B53895 /* SceneDelegate.swift */,
				D00057CB25FD51A300C185A3 /* BankVC.swift */,
				D014498F25FE1514004D9D91 /* LoginVC.swift */,
			);
			path = Controller;
			sourceTree = "<group>";
		};
		D00057C325FD452700C185A3 /* View */ = {
			isa = PBXGroup;
			children = (
				D00057D125FD51FC00C185A3 /* RecentsCell.swift */,
			);
			path = View;
			sourceTree = "<group>";
		};
		D00057C425FD452A00C185A3 /* Model */ = {
			isa = PBXGroup;
			children = (
				D00057C825FD510D00C185A3 /* Transactions.swift */,
				D09781BF25FDFC1200F8E0E2 /* Fraud Detection 1.mlmodel */,
			);
			path = Model;
			sourceTree = "<group>";
		};
		D00057C625FD453400C185A3 /* Storyboard */ = {
			isa = PBXGroup;
			children = (
				D06E682625FCCD7500B53895 /* Main.storyboard */,
				D06E682B25FCCD7800B53895 /* LaunchScreen.storyboard */,
			);
			path = Storyboard;
			sourceTree = "<group>";
		};
		D06E681425FCCD7500B53895 = {
			isa = PBXGroup;
			children = (
				D06E681F25FCCD7500B53895 /* Credit Card Fraud Detection */,
				D06E681E25FCCD7500B53895 /* Products */,
				033A128D55264948FC74E10F /* Pods */,
				16B28BBDFEB8AD1007DC23C3 /* Frameworks */,
			);
			sourceTree = "<group>";
		};
		D06E681E25FCCD7500B53895 /* Products */ = {
			isa = PBXGroup;
			children = (
				D06E681D25FCCD7500B53895 /* Credit Card Fraud Detection.app */,
			);
			name = Products;
			sourceTree = "<group>";
		};
		D06E681F25FCCD7500B53895 /* Credit Card Fraud Detection */ = {
			isa = PBXGroup;
			children = (
				D00057C425FD452A00C185A3 /* Model */,
				D00057C325FD452700C185A3 /* View */,
				D00057C625FD453400C185A3 /* Storyboard */,
				D00057C225FD452100C185A3 /* Controller */,
				D06E682025FCCD7500B53895 /* AppDelegate.swift */,
				D06E682925FCCD7800B53895 /* Assets.xcassets */,
				D06E682E25FCCD7800B53895 /* Info.plist */,
			);
			path = "Credit Card Fraud Detection";
			sourceTree = "<group>";
		};
/* End PBXGroup section */

/* Begin PBXNativeTarget section */
		D06E681C25FCCD7500B53895 /* Credit Card Fraud Detection */ = {
			isa = PBXNativeTarget;
			buildConfigurationList = D06E683125FCCD7800B53895 /* Build configuration list for PBXNativeTarget "Credit Card Fraud Detection" */;
			buildPhases = (
				A2FD457335DFD2159056F6D5 /* [CP] Check Pods Manifest.lock */,
				D06E681925FCCD7500B53895 /* Sources */,
				D06E681A25FCCD7500B53895 /* Frameworks */,
				D06E681B25FCCD7500B53895 /* Resources */,
				AB8F548C7AE1D2E44917E501 /* [CP] Embed Pods Frameworks */,
			);
			buildRules = (
			);
			dependencies = (
			);
			name = "Credit Card Fraud Detection";
			productName = "Credit Card Fraud Detection";
			productReference = D06E681D25FCCD7500B53895 /* Credit Card Fraud Detection.app */;
			productType = "com.apple.product-type.application";
		};
/* End PBXNativeTarget section */

/* Begin PBXProject section */
		D06E681525FCCD7500B53895 /* Project object */ = {
			isa = PBXProject;
			attributes = {
				LastSwiftUpdateCheck = 1240;
				LastUpgradeCheck = 1240;
				TargetAttributes = {
					D06E681C25FCCD7500B53895 = {
						CreatedOnToolsVersion = 12.4;
					};
				};
			};
			buildConfigurationList = D06E681825FCCD7500B53895 /* Build configuration list for PBXProject "Credit Card Fraud Detection" */;
			compatibilityVersion = "Xcode 9.3";
			developmentRegion = en;
			hasScannedForEncodings = 0;
			knownRegions = (
				en,
				Base,
			);
			mainGroup = D06E681425FCCD7500B53895;
			productRefGroup = D06E681E25FCCD7500B53895 /* Products */;
			projectDirPath = "";
			projectRoot = "";
			targets = (
				D06E681C25FCCD7500B53895 /* Credit Card Fraud Detection */,
			);
		};
/* End PBXProject section */

/* Begin PBXResourcesBuildPhase section */
		D06E681B25FCCD7500B53895 /* Resources */ = {
			isa = PBXResourcesBuildPhase;
			buildActionMask = 2147483647;
			files = (
				D06E682D25FCCD7800B53895 /* LaunchScreen.storyboard in Resources */,
				D06E682A25FCCD7800B53895 /* Assets.xcassets in Resources */,
				D06E682825FCCD7500B53895 /* Main.storyboard in Resources */,
			);
			runOnlyForDeploymentPostprocessing = 0;
		};
/* End PBXResourcesBuildPhase section */

/* Begin PBXShellScriptBuildPhase section */
		A2FD457335DFD2159056F6D5 /* [CP] Check Pods Manifest.lock */ = {
			isa = PBXShellScriptBuildPhase;
			buildActionMask = 2147483647;
			files = (
			);
			inputFileListPaths = (
			);
			inputPaths = (
				"${PODS_PODFILE_DIR_PATH}/Podfile.lock",
				"${PODS_ROOT}/Manifest.lock",
			);
			name = "[CP] Check Pods Manifest.lock";
			outputFileListPaths = (
			);
			outputPaths = (
				"$(DERIVED_FILE_DIR)/Pods-Credit Card Fraud Detection-checkManifestLockResult.txt",
			);
			runOnlyForDeploymentPostprocessing = 0;
			shellPath = /bin/sh;
			shellScript = "diff \"${PODS_PODFILE_DIR_PATH}/Podfile.lock\" \"${PODS_ROOT}/Manifest.lock\" > /dev/null\nif [ $? != 0 ] ; then\n    # print error to STDERR\n    echo \"error: The sandbox is not in sync with the Podfile.lock. Run 'pod install' or update your CocoaPods installation.\" >&2\n    exit 1\nfi\n# This output is used by Xcode 'outputs' to avoid re-running this script phase.\necho \"SUCCESS\" > \"${SCRIPT_OUTPUT_FILE_0}\"\n";
			showEnvVarsInLog = 0;
		};
		AB8F548C7AE1D2E44917E501 /* [CP] Embed Pods Frameworks */ = {
			isa = PBXShellScriptBuildPhase;
			buildActionMask = 2147483647;
			files = (
			);
			inputFileListPaths = (
				"${PODS_ROOT}/Target Support Files/Pods-Credit Card Fraud Detection/Pods-Credit Card Fraud Detection-frameworks-${CONFIGURATION}-input-files.xcfilelist",
			);
			name = "[CP] Embed Pods Frameworks";
			outputFileListPaths = (
				"${PODS_ROOT}/Target Support Files/Pods-Credit Card Fraud Detection/Pods-Credit Card Fraud Detection-frameworks-${CONFIGURATION}-output-files.xcfilelist",
			);
			runOnlyForDeploymentPostprocessing = 0;
			shellPath = /bin/sh;
			shellScript = "\"${PODS_ROOT}/Target Support Files/Pods-Credit Card Fraud Detection/Pods-Credit Card Fraud Detection-frameworks.sh\"\n";
			showEnvVarsInLog = 0;
		};
/* End PBXShellScriptBuildPhase section */

/* Begin PBXSourcesBuildPhase section */
		D06E681925FCCD7500B53895 /* Sources */ = {
			isa = PBXSourcesBuildPhase;
			buildActionMask = 2147483647;
			files = (
				D00057CC25FD51A300C185A3 /* BankVC.swift in Sources */,
				D09781C025FDFC1200F8E0E2 /* Fraud Detection 1.mlmodel in Sources */,
				D014499025FE1514004D9D91 /* LoginVC.swift in Sources */,
				D00057D225FD51FC00C185A3 /* RecentsCell.swift in Sources */,
				D00057C925FD510D00C185A3 /* Transactions.swift in Sources */,
				D06E682125FCCD7500B53895 /* AppDelegate.swift in Sources */,
				D06E682325FCCD7500B53895 /* SceneDelegate.swift in Sources */,
			);
			runOnlyForDeploymentPostprocessing = 0;
		};
/* End PBXSourcesBuildPhase section */

/* Begin PBXVariantGroup section */
		D06E682625FCCD7500B53895 /* Main.storyboard */ = {
			isa = PBXVariantGroup;
			children = (
				D06E682725FCCD7500B53895 /* Base */,
			);
			name = Main.storyboard;
			sourceTree = "<group>";
		};
		D06E682B25FCCD7800B53895 /* LaunchScreen.storyboard */ = {
			isa = PBXVariantGroup;
			children = (
				D06E682C25FCCD7800B53895 /* Base */,
			);
			name = LaunchScreen.storyboard;
			sourceTree = "<group>";
		};
/* End PBXVariantGroup section */

/* Begin XCBuildConfiguration section */
		D06E682F25FCCD7800B53895 /* Debug */ = {
			isa = XCBuildConfiguration;
			buildSettings = {
				ALWAYS_SEARCH_USER_PATHS = NO;
				CLANG_ANALYZER_NONNULL = YES;
				CLANG_ANALYZER_NUMBER_OBJECT_CONVERSION = YES_AGGRESSIVE;
				CLANG_CXX_LANGUAGE_STANDARD = "gnu++14";
				CLANG_CXX_LIBRARY = "libc++";
				CLANG_ENABLE_MODULES = YES;
				CLANG_ENABLE_OBJC_ARC = YES;
				CLANG_ENABLE_OBJC_WEAK = YES;
				CLANG_WARN_BLOCK_CAPTURE_AUTORELEASING = YES;
				CLANG_WARN_BOOL_CONVERSION = YES;
				CLANG_WARN_COMMA = YES;
				CLANG_WARN_CONSTANT_CONVERSION = YES;
				CLANG_WARN_DEPRECATED_OBJC_IMPLEMENTATIONS = YES;
				CLANG_WARN_DIRECT_OBJC_ISA_USAGE = YES_ERROR;
				CLANG_WARN_DOCUMENTATION_COMMENTS = YES;
				CLANG_WARN_EMPTY_BODY = YES;
				CLANG_WARN_ENUM_CONVERSION = YES;
				CLANG_WARN_INFINITE_RECURSION = YES;
				CLANG_WARN_INT_CONVERSION = YES;
				CLANG_WARN_NON_LITERAL_NULL_CONVERSION = YES;
				CLANG_WARN_OBJC_IMPLICIT_RETAIN_SELF = YES;
				CLANG_WARN_OBJC_LITERAL_CONVERSION = YES;
				CLANG_WARN_OBJC_ROOT_CLASS = YES_ERROR;
				CLANG_WARN_QUOTED_INCLUDE_IN_FRAMEWORK_HEADER = YES;
				CLANG_WARN_RANGE_LOOP_ANALYSIS = YES;
				CLANG_WARN_STRICT_PROTOTYPES = YES;
				CLANG_WARN_SUSPICIOUS_MOVE = YES;
				CLANG_WARN_UNGUARDED_AVAILABILITY = YES_AGGRESSIVE;
				CLANG_WARN_UNREACHABLE_CODE = YES;
				CLANG_WARN__DUPLICATE_METHOD_MATCH = YES;
				COPY_PHASE_STRIP = NO;
				DEBUG_INFORMATION_FORMAT = dwarf;
				ENABLE_STRICT_OBJC_MSGSEND = YES;
				ENABLE_TESTABILITY = YES;
				GCC_C_LANGUAGE_STANDARD = gnu11;
				GCC_DYNAMIC_NO_PIC = NO;
				GCC_NO_COMMON_BLOCKS = YES;
				GCC_OPTIMIZATION_LEVEL = 0;
				GCC_PREPROCESSOR_DEFINITIONS = (
					"DEBUG=1",
					"$(inherited)",
				);
				GCC_WARN_64_TO_32_BIT_CONVERSION = YES;
				GCC_WARN_ABOUT_RETURN_TYPE = YES_ERROR;
				GCC_WARN_UNDECLARED_SELECTOR = YES;
				GCC_WARN_UNINITIALIZED_AUTOS = YES_AGGRESSIVE;
				GCC_WARN_UNUSED_FUNCTION = YES;
				GCC_WARN_UNUSED_VARIABLE = YES;
				IPHONEOS_DEPLOYMENT_TARGET = 14.4;
				MTL_ENABLE_DEBUG_INFO = INCLUDE_SOURCE;
				MTL_FAST_MATH = YES;
				ONLY_ACTIVE_ARCH = YES;
				SDKROOT = iphoneos;
				SWIFT_ACTIVE_COMPILATION_CONDITIONS = DEBUG;
				SWIFT_OPTIMIZATION_LEVEL = "-Onone";
			};
			name = Debug;
		};
		D06E683025FCCD7800B53895 /* Release */ = {
			isa = XCBuildConfiguration;
			buildSettings = {
				ALWAYS_SEARCH_USER_PATHS = NO;
				CLANG_ANALYZER_NONNULL = YES;
				CLANG_ANALYZER_NUMBER_OBJECT_CONVERSION = YES_AGGRESSIVE;
				CLANG_CXX_LANGUAGE_STANDARD = "gnu++14";
				CLANG_CXX_LIBRARY = "libc++";
				CLANG_ENABLE_MODULES = YES;
				CLANG_ENABLE_OBJC_ARC = YES;
				CLANG_ENABLE_OBJC_WEAK = YES;
				CLANG_WARN_BLOCK_CAPTURE_AUTORELEASING = YES;
				CLANG_WARN_BOOL_CONVERSION = YES;
				CLANG_WARN_COMMA = YES;
				CLANG_WARN_CONSTANT_CONVERSION = YES;
				CLANG_WARN_DEPRECATED_OBJC_IMPLEMENTATIONS = YES;
				CLANG_WARN_DIRECT_OBJC_ISA_USAGE = YES_ERROR;
				CLANG_WARN_DOCUMENTATION_COMMENTS = YES;
				CLANG_WARN_EMPTY_BODY = YES;
				CLANG_WARN_ENUM_CONVERSION = YES;
				CLANG_WARN_INFINITE_RECURSION = YES;
				CLANG_WARN_INT_CONVERSION = YES;
				CLANG_WARN_NON_LITERAL_NULL_CONVERSION = YES;
				CLANG_WARN_OBJC_IMPLICIT_RETAIN_SELF = YES;
				CLANG_WARN_OBJC_LITERAL_CONVERSION = YES;
				CLANG_WARN_OBJC_ROOT_CLASS = YES_ERROR;
				CLANG_WARN_QUOTED_INCLUDE_IN_FRAMEWORK_HEADER = YES;
				CLANG_WARN_RANGE_LOOP_ANALYSIS = YES;
				CLANG_WARN_STRICT_PROTOTYPES = YES;
				CLANG_WARN_SUSPICIOUS_MOVE = YES;
				CLANG_WARN_UNGUARDED_AVAILABILITY = YES_AGGRESSIVE;
				CLANG_WARN_UNREACHABLE_CODE = YES;
				CLANG_WARN__DUPLICATE_METHOD_MATCH = YES;
				COPY_PHASE_STRIP = NO;
				DEBUG_INFORMATION_FORMAT = "dwarf-with-dsym";
				ENABLE_NS_ASSERTIONS = NO;
				ENABLE_STRICT_OBJC_MSGSEND = YES;
				GCC_C_LANGUAGE_STANDARD = gnu11;
				GCC_NO_COMMON_BLOCKS = YES;
				GCC_WARN_64_TO_32_BIT_CONVERSION = YES;
				GCC_WARN_ABOUT_RETURN_TYPE = YES_ERROR;
				GCC_WARN_UNDECLARED_SELECTOR = YES;
				GCC_WARN_UNINITIALIZED_AUTOS = YES_AGGRESSIVE;
				GCC_WARN_UNUSED_FUNCTION = YES;
				GCC_WARN_UNUSED_VARIABLE = YES;
				IPHONEOS_DEPLOYMENT_TARGET = 14.4;
				MTL_ENABLE_DEBUG_INFO = NO;
				MTL_FAST_MATH = YES;
				SDKROOT = iphoneos;
				SWIFT_COMPILATION_MODE = wholemodule;
				SWIFT_OPTIMIZATION_LEVEL = "-O";
				VALIDATE_PRODUCT = YES;
			};
			name = Release;
		};
		D06E683225FCCD7800B53895 /* Debug */ = {
			isa = XCBuildConfiguration;
			baseConfigurationReference = 9C1B7A9C6589F2B209A8E252 /* Pods-Credit Card Fraud Detection.debug.xcconfig */;
			buildSettings = {
				ASSETCATALOG_COMPILER_APPICON_NAME = AppIcon;
				ASSETCATALOG_COMPILER_GLOBAL_ACCENT_COLOR_NAME = AccentColor;
				CODE_SIGN_STYLE = Automatic;
				DEVELOPMENT_TEAM = JCH97SA8UR;
				INFOPLIST_FILE = "Credit Card Fraud Detection/Info.plist";
				LD_RUNPATH_SEARCH_PATHS = (
					"$(inherited)",
					"@executable_path/Frameworks",
				);
				PRODUCT_BUNDLE_IDENTIFIER = "TheThunderbolts.Credit-Card-Fraud-Detection";
				PRODUCT_NAME = "$(TARGET_NAME)";
				SWIFT_VERSION = 5.0;
				TARGETED_DEVICE_FAMILY = "1,2";
			};
			name = Debug;
		};
		D06E683325FCCD7800B53895 /* Release */ = {
			isa = XCBuildConfiguration;
			baseConfigurationReference = 225A9256E2E6E9614D891BC0 /* Pods-Credit Card Fraud Detection.release.xcconfig */;
			buildSettings = {
				ASSETCATALOG_COMPILER_APPICON_NAME = AppIcon;
				ASSETCATALOG_COMPILER_GLOBAL_ACCENT_COLOR_NAME = AccentColor;
				CODE_SIGN_STYLE = Automatic;
				DEVELOPMENT_TEAM = JCH97SA8UR;
				INFOPLIST_FILE = "Credit Card Fraud Detection/Info.plist";
				LD_RUNPATH_SEARCH_PATHS = (
					"$(inherited)",
					"@executable_path/Frameworks",
				);
				PRODUCT_BUNDLE_IDENTIFIER = "TheThunderbolts.Credit-Card-Fraud-Detection";
				PRODUCT_NAME = "$(TARGET_NAME)";
				SWIFT_VERSION = 5.0;
				TARGETED_DEVICE_FAMILY = "1,2";
			};
			name = Release;
		};
/* End XCBuildConfiguration section */

/* Begin XCConfigurationList section */
		D06E681825FCCD7500B53895 /* Build configuration list for PBXProject "Credit Card Fraud Detection" */ = {
			isa = XCConfigurationList;
			buildConfigurations = (
				D06E682F25FCCD7800B53895 /* Debug */,
				D06E683025FCCD7800B53895 /* Release */,
			);
			defaultConfigurationIsVisible = 0;
			defaultConfigurationName = Release;
		};
		D06E683125FCCD7800B53895 /* Build configuration list for PBXNativeTarget "Credit Card Fraud Detection" */ = {
			isa = XCConfigurationList;
			buildConfigurations = (
				D06E683225FCCD7800B53895 /* Debug */,
				D06E683325FCCD7800B53895 /* Release */,
			);
			defaultConfigurationIsVisible = 0;
			defaultConfigurationName = Release;
		};
/* End XCConfigurationList section */
	};
	rootObject = D06E681525FCCD7500B53895 /* Project object */;
}
